{
  "name": "clean-writing-system",
  "version": "0.1.0",
  "lockfileVersion": 3,
  "requires": true,
  "packages": {
    "": {
      "name": "clean-writing-system",
      "version": "0.1.0",
      "license": "MIT",
      "bin": {
        "clean-writing-system": "bin/cli.js",
        "cws": "bin/cli.js"
      },
      "engines": {
        "node": ">=18"
      }
    }
  }
}
